<?xml version="1.0" encoding="UTF-8" standalone="yes" ?>
<CodeBlocks_project_file>
	<FileVersion major="1" minor="6" />
	<Project>
		<Option title="ClashHub" />
		<Option pch_mode="2" />
		<Option compiler="gcc" />
		<Build>
			<Target title="Debug">
				<Option output="bin/Debug/ClashHub" prefix_auto="1" extension_auto="1" />
				<Option object_output="obj/Debug/" />
				<Option type="1" />
				<Option compiler="gcc" />
				<Compiler>
					<Add option="-g" />
					<Add directory="include" />
				</Compiler>
			</Target>
			<Target title="Release">
				<Option output="bin/Release/ClashHub" prefix_auto="1" extension_auto="1" />
				<Option object_output="obj/Release/" />
				<Option type="1" />
				<Option compiler="gcc" />
				<Compiler>
					<Add option="-O2" />
					<Add directory="include" />
				</Compiler>
				<Linker>
					<Add option="-s" />
				</Linker>
			</Target>
		</Build>
		<Compiler>
			<Add option="-Wall" />
			<Add option="-fexceptions" />
		</Compiler>
		<Unit filename="include/Administrador.h" />
		<Unit filename="include/Bracket.h" />
		<Unit filename="include/Database.h" />
		<Unit filename="include/Equipo.h" />
		<Unit filename="include/Juego.h" />
		<Unit filename="include/Match.h" />
		<Unit filename="include/Referencia_de_Equipo.h" />
		<Unit filename="include/Referencia_de_Miembro_de_Equipo.h" />
		<Unit filename="include/Team_Reference.h" />
		<Unit filename="include/Torneo.h" />
		<Unit filename="include/Usuario.h" />
		<Unit filename="include/Utils_Database.h" />
		<Unit filename="include/Utils_Input_Listener.h" />
		<Unit filename="include/Utils_Menu.h" />
		<Unit filename="include/Utils_Menu_Handler.h" />
		<Unit filename="include/Utils_Random.h" />
		<Unit filename="main.cpp" />
		<Unit filename="src/Administrador.cpp" />
		<Unit filename="src/Bracket.cpp" />
		<Unit filename="src/Database.tpp">
			<Option compile="1" />
			<Option link="1" />
		</Unit>
		<Unit filename="src/Equipo.cpp" />
		<Unit filename="src/Juego.cpp" />
		<Unit filename="src/Match.cpp" />
		<Unit filename="src/Referencia_de_Equipo.cpp" />
		<Unit filename="src/Referencia_de_Miembro_de_Equipo.cpp" />
		<Unit filename="src/Team_Reference.cpp" />
		<Unit filename="src/Torneo.cpp" />
		<Unit filename="src/Usuario.cpp" />
		<Unit filename="src/Utils_Database.cpp" />
		<Unit filename="src/Utils_Input_Listener.cpp" />
		<Unit filename="src/Utils_Menu.cpp" />
		<Unit filename="src/Utils_Menu_Handler.cpp" />
		<Unit filename="src/Utils_Random.cpp" />
		<Extensions>
			<lib_finder disable_auto="1" />
		</Extensions>
	</Project>
</CodeBlocks_project_file>
